
Microsoft Visual Studio Solution File, Format Version 12.00
# Visual Studio 2013
VisualStudioVersion = 12.0.21005.1
MinimumVisualStudioVersion = 10.0.40219.1
Project("{FAE04EC0-301F-11D3-BF4B-00C04F79EFBC}") = "SPLC.Donor", "SPLC.Donor\SPLC.Donor.csproj", "{AB37A538-4E2D-4817-936C-08CEC2A6CAB6}"
EndProject
Project("{00D1A9C2-B5F0-4AF3-8072-F6C62B433612}") = "SPLC.Donor.DB", "SPLC.Donor.DB\SPLC.Donor.DB.sqlproj", "{A63230E8-E5E0-4CF3-BFF0-C36CCCAD921A}"
EndProject
Project("{FAE04EC0-301F-11D3-BF4B-00C04F79EFBC}") = "SPLC.Donor.Models", "SPLC.Donor.Models\SPLC.Donor.Models.csproj", "{12DAB8F9-F0DA-4341-8F92-908E9128A1DF}"
EndProject
Project("{FAE04EC0-301F-11D3-BF4B-00C04F79EFBC}") = "SPLC.Donor.Management", "SPLC.Donor.Management\SPLC.Donor.Management.csproj", "{1F8499A2-5FF2-42E4-A9B6-E2BCBB6B39CA}"
EndProject
Project("{FAE04EC0-301F-11D3-BF4B-00C04F79EFBC}") = "SPLC.Donor.RSVP", "SPLC.Donor.RSVP\SPLC.Donor.RSVP.csproj", "{A105EA59-B1F9-4EE0-B14B-53C2FEC1FE83}"
EndProject
Project("{159641D6-6404-4A2A-AE62-294DE0FE8301}") = "SPLC.Donor.SSIS", "SPLC.Donor.SSIS\SPLC.Donor.SSIS.dtproj", "{0E0F3CD2-98C7-42C7-A17B-58A5E0EF7F3C}"
EndProject
Global
	GlobalSection(SolutionConfigurationPlatforms) = preSolution
		Debug|Any CPU = Debug|Any CPU
		DEV|Any CPU = DEV|Any CPU
		Development|Any CPU = Development|Any CPU
		PROD|Any CPU = PROD|Any CPU
		UAT|Any CPU = UAT|Any CPU
	EndGlobalSection
	GlobalSection(ProjectConfigurationPlatforms) = postSolution
		{AB37A538-4E2D-4817-936C-08CEC2A6CAB6}.Debug|Any CPU.ActiveCfg = Debug|Any CPU
		{AB37A538-4E2D-4817-936C-08CEC2A6CAB6}.Debug|Any CPU.Build.0 = Debug|Any CPU
		{AB37A538-4E2D-4817-936C-08CEC2A6CAB6}.DEV|Any CPU.ActiveCfg = DEV|Any CPU
		{AB37A538-4E2D-4817-936C-08CEC2A6CAB6}.DEV|Any CPU.Build.0 = DEV|Any CPU
		{AB37A538-4E2D-4817-936C-08CEC2A6CAB6}.Development|Any CPU.ActiveCfg = DEV|Any CPU
		{AB37A538-4E2D-4817-936C-08CEC2A6CAB6}.Development|Any CPU.Build.0 = DEV|Any CPU
		{AB37A538-4E2D-4817-936C-08CEC2A6CAB6}.PROD|Any CPU.ActiveCfg = PROD|Any CPU
		{AB37A538-4E2D-4817-936C-08CEC2A6CAB6}.PROD|Any CPU.Build.0 = PROD|Any CPU
		{AB37A538-4E2D-4817-936C-08CEC2A6CAB6}.UAT|Any CPU.ActiveCfg = UAT|Any CPU
		{AB37A538-4E2D-4817-936C-08CEC2A6CAB6}.UAT|Any CPU.Build.0 = UAT|Any CPU
		{A63230E8-E5E0-4CF3-BFF0-C36CCCAD921A}.Debug|Any CPU.ActiveCfg = Debug|Any CPU
		{A63230E8-E5E0-4CF3-BFF0-C36CCCAD921A}.Debug|Any CPU.Build.0 = Debug|Any CPU
		{A63230E8-E5E0-4CF3-BFF0-C36CCCAD921A}.Debug|Any CPU.Deploy.0 = Debug|Any CPU
		{A63230E8-E5E0-4CF3-BFF0-C36CCCAD921A}.DEV|Any CPU.ActiveCfg = DEV|Any CPU
		{A63230E8-E5E0-4CF3-BFF0-C36CCCAD921A}.DEV|Any CPU.Build.0 = DEV|Any CPU
		{A63230E8-E5E0-4CF3-BFF0-C36CCCAD921A}.DEV|Any CPU.Deploy.0 = DEV|Any CPU
		{A63230E8-E5E0-4CF3-BFF0-C36CCCAD921A}.Development|Any CPU.ActiveCfg = DEV|Any CPU
		{A63230E8-E5E0-4CF3-BFF0-C36CCCAD921A}.Development|Any CPU.Build.0 = DEV|Any CPU
		{A63230E8-E5E0-4CF3-BFF0-C36CCCAD921A}.Development|Any CPU.Deploy.0 = DEV|Any CPU
		{A63230E8-E5E0-4CF3-BFF0-C36CCCAD921A}.PROD|Any CPU.ActiveCfg = Test|Any CPU
		{A63230E8-E5E0-4CF3-BFF0-C36CCCAD921A}.PROD|Any CPU.Build.0 = Test|Any CPU
		{A63230E8-E5E0-4CF3-BFF0-C36CCCAD921A}.PROD|Any CPU.Deploy.0 = Test|Any CPU
		{A63230E8-E5E0-4CF3-BFF0-C36CCCAD921A}.UAT|Any CPU.ActiveCfg = Test|Any CPU
		{A63230E8-E5E0-4CF3-BFF0-C36CCCAD921A}.UAT|Any CPU.Build.0 = Test|Any CPU
		{A63230E8-E5E0-4CF3-BFF0-C36CCCAD921A}.UAT|Any CPU.Deploy.0 = Test|Any CPU
		{12DAB8F9-F0DA-4341-8F92-908E9128A1DF}.Debug|Any CPU.ActiveCfg = Debug|Any CPU
		{12DAB8F9-F0DA-4341-8F92-908E9128A1DF}.Debug|Any CPU.Build.0 = Debug|Any CPU
		{12DAB8F9-F0DA-4341-8F92-908E9128A1DF}.DEV|Any CPU.ActiveCfg = DEV|Any CPU
		{12DAB8F9-F0DA-4341-8F92-908E9128A1DF}.DEV|Any CPU.Build.0 = DEV|Any CPU
		{12DAB8F9-F0DA-4341-8F92-908E9128A1DF}.Development|Any CPU.ActiveCfg = DEV|Any CPU
		{12DAB8F9-F0DA-4341-8F92-908E9128A1DF}.Development|Any CPU.Build.0 = DEV|Any CPU
		{12DAB8F9-F0DA-4341-8F92-908E9128A1DF}.PROD|Any CPU.ActiveCfg = PROD|Any CPU
		{12DAB8F9-F0DA-4341-8F92-908E9128A1DF}.PROD|Any CPU.Build.0 = PROD|Any CPU
		{12DAB8F9-F0DA-4341-8F92-908E9128A1DF}.UAT|Any CPU.ActiveCfg = UAT|Any CPU
		{12DAB8F9-F0DA-4341-8F92-908E9128A1DF}.UAT|Any CPU.Build.0 = UAT|Any CPU
		{1F8499A2-5FF2-42E4-A9B6-E2BCBB6B39CA}.Debug|Any CPU.ActiveCfg = DEBUG|Any CPU
		{1F8499A2-5FF2-42E4-A9B6-E2BCBB6B39CA}.Debug|Any CPU.Build.0 = DEBUG|Any CPU
		{1F8499A2-5FF2-42E4-A9B6-E2BCBB6B39CA}.DEV|Any CPU.ActiveCfg = DEV|Any CPU
		{1F8499A2-5FF2-42E4-A9B6-E2BCBB6B39CA}.DEV|Any CPU.Build.0 = DEV|Any CPU
		{1F8499A2-5FF2-42E4-A9B6-E2BCBB6B39CA}.Development|Any CPU.ActiveCfg = DEV|Any CPU
		{1F8499A2-5FF2-42E4-A9B6-E2BCBB6B39CA}.Development|Any CPU.Build.0 = DEV|Any CPU
		{1F8499A2-5FF2-42E4-A9B6-E2BCBB6B39CA}.PROD|Any CPU.ActiveCfg = PROD|Any CPU
		{1F8499A2-5FF2-42E4-A9B6-E2BCBB6B39CA}.PROD|Any CPU.Build.0 = PROD|Any CPU
		{1F8499A2-5FF2-42E4-A9B6-E2BCBB6B39CA}.UAT|Any CPU.ActiveCfg = UAT|Any CPU
		{1F8499A2-5FF2-42E4-A9B6-E2BCBB6B39CA}.UAT|Any CPU.Build.0 = UAT|Any CPU
		{A105EA59-B1F9-4EE0-B14B-53C2FEC1FE83}.Debug|Any CPU.ActiveCfg = DEBUG|Any CPU
		{A105EA59-B1F9-4EE0-B14B-53C2FEC1FE83}.Debug|Any CPU.Build.0 = DEBUG|Any CPU
		{A105EA59-B1F9-4EE0-B14B-53C2FEC1FE83}.DEV|Any CPU.ActiveCfg = DEV|Any CPU
		{A105EA59-B1F9-4EE0-B14B-53C2FEC1FE83}.DEV|Any CPU.Build.0 = DEV|Any CPU
		{A105EA59-B1F9-4EE0-B14B-53C2FEC1FE83}.Development|Any CPU.ActiveCfg = DEV|Any CPU
		{A105EA59-B1F9-4EE0-B14B-53C2FEC1FE83}.Development|Any CPU.Build.0 = DEV|Any CPU
		{A105EA59-B1F9-4EE0-B14B-53C2FEC1FE83}.PROD|Any CPU.ActiveCfg = PROD|Any CPU
		{A105EA59-B1F9-4EE0-B14B-53C2FEC1FE83}.PROD|Any CPU.Build.0 = PROD|Any CPU
		{A105EA59-B1F9-4EE0-B14B-53C2FEC1FE83}.UAT|Any CPU.ActiveCfg = UAT|Any CPU
		{A105EA59-B1F9-4EE0-B14B-53C2FEC1FE83}.UAT|Any CPU.Build.0 = UAT|Any CPU
		{0E0F3CD2-98C7-42C7-A17B-58A5E0EF7F3C}.Debug|Any CPU.ActiveCfg = Development
		{0E0F3CD2-98C7-42C7-A17B-58A5E0EF7F3C}.Debug|Any CPU.Build.0 = Development
		{0E0F3CD2-98C7-42C7-A17B-58A5E0EF7F3C}.DEV|Any CPU.ActiveCfg = Development
		{0E0F3CD2-98C7-42C7-A17B-58A5E0EF7F3C}.DEV|Any CPU.Build.0 = Development
		{0E0F3CD2-98C7-42C7-A17B-58A5E0EF7F3C}.Development|Any CPU.ActiveCfg = Development
		{0E0F3CD2-98C7-42C7-A17B-58A5E0EF7F3C}.Development|Any CPU.Build.0 = Development
		{0E0F3CD2-98C7-42C7-A17B-58A5E0EF7F3C}.PROD|Any CPU.ActiveCfg = Development
		{0E0F3CD2-98C7-42C7-A17B-58A5E0EF7F3C}.PROD|Any CPU.Build.0 = Development
		{0E0F3CD2-98C7-42C7-A17B-58A5E0EF7F3C}.UAT|Any CPU.ActiveCfg = Development
		{0E0F3CD2-98C7-42C7-A17B-58A5E0EF7F3C}.UAT|Any CPU.Build.0 = Development
	EndGlobalSection
	GlobalSection(SolutionProperties) = preSolution
		HideSolutionNode = FALSE
	EndGlobalSection
EndGlobal
